
Microsoft Visual Studio Solution File, Format Version 12.00
# Visual Studio Version 17
VisualStudioVersion = 17.5.002.0
MinimumVisualStudioVersion = 10.0.40219.1
Project("{9A19103F-16F7-4668-BE54-9A1E7A4F7556}") = "Ejemplo1", "Ejemplo1\Ejemplo1.csproj", "{68F60DEA-77CC-41ED-929B-EDFDABA1968A}"
EndProject
Project("{9A19103F-16F7-4668-BE54-9A1E7A4F7556}") = "Interfaces-DAM", "Eva_Inicial\Interfaces-DAM.csproj", "{077E4024-B771-4CC8-A75C-9F7BFEF49587}"
EndProject
Global
	GlobalSection(SolutionConfigurationPlatforms) = preSolution
		Debug|Any CPU = Debug|Any CPU
		Release|Any CPU = Release|Any CPU
	EndGlobalSection
	GlobalSection(ProjectConfigurationPlatforms) = postSolution
		{68F60DEA-77CC-41ED-929B-EDFDABA1968A}.Debug|Any CPU.ActiveCfg = Debug|Any CPU
		{68F60DEA-77CC-41ED-929B-EDFDABA1968A}.Debug|Any CPU.Build.0 = Debug|Any CPU
		{68F60DEA-77CC-41ED-929B-EDFDABA1968A}.Release|Any CPU.ActiveCfg = Release|Any CPU
		{68F60DEA-77CC-41ED-929B-EDFDABA1968A}.Release|Any CPU.Build.0 = Release|Any CPU
		{077E4024-B771-4CC8-A75C-9F7BFEF49587}.Debug|Any CPU.ActiveCfg = Debug|Any CPU
		{077E4024-B771-4CC8-A75C-9F7BFEF49587}.Debug|Any CPU.Build.0 = Debug|Any CPU
		{077E4024-B771-4CC8-A75C-9F7BFEF49587}.Release|Any CPU.ActiveCfg = Release|Any CPU
		{077E4024-B771-4CC8-A75C-9F7BFEF49587}.Release|Any CPU.Build.0 = Release|Any CPU
	EndGlobalSection
	GlobalSection(SolutionProperties) = preSolution
		HideSolutionNode = FALSE
	EndGlobalSection
	GlobalSection(ExtensibilityGlobals) = postSolution
		SolutionGuid = {50B62321-9328-4D67-A653-4D4E76CBE1F8}
	EndGlobalSection
EndGlobal
