
Microsoft Visual Studio Solution File, Format Version 12.00
# Visual Studio Version 17
VisualStudioVersion = 17.11.35312.102
MinimumVisualStudioVersion = 10.0.40219.1
Project("{FAE04EC0-301F-11D3-BF4B-00C04F79EFBC}") = "Ejemplo2Grid", "Ejemplo2Grid.csproj", "{13480740-5974-4B22-A8B5-FF41D4C20E1B}"
EndProject
Global
	GlobalSection(SolutionConfigurationPlatforms) = preSolution
		Debug|Any CPU = Debug|Any CPU
		Release|Any CPU = Release|Any CPU
	EndGlobalSection
	GlobalSection(ProjectConfigurationPlatforms) = postSolution
		{13480740-5974-4B22-A8B5-FF41D4C20E1B}.Debug|Any CPU.ActiveCfg = Debug|Any CPU
		{13480740-5974-4B22-A8B5-FF41D4C20E1B}.Debug|Any CPU.Build.0 = Debug|Any CPU
		{13480740-5974-4B22-A8B5-FF41D4C20E1B}.Release|Any CPU.ActiveCfg = Release|Any CPU
		{13480740-5974-4B22-A8B5-FF41D4C20E1B}.Release|Any CPU.Build.0 = Release|Any CPU
	EndGlobalSection
	GlobalSection(SolutionProperties) = preSolution
		HideSolutionNode = FALSE
	EndGlobalSection
	GlobalSection(ExtensibilityGlobals) = postSolution
		SolutionGuid = {448D821B-46DB-49E2-A045-2C94415D2614}
	EndGlobalSection
EndGlobal
