
Microsoft Visual Studio Solution File, Format Version 12.00
# Visual Studio Version 17
VisualStudioVersion = 17.11.35312.102
MinimumVisualStudioVersion = 10.0.40219.1
Project("{FAE04EC0-301F-11D3-BF4B-00C04F79EFBC}") = "MauiApp1", "MauiApp1\MauiApp1.csproj", "{57A88616-4EE4-47E5-B7D6-A67C08794629}"
EndProject
Global
	GlobalSection(SolutionConfigurationPlatforms) = preSolution
		Debug|Any CPU = Debug|Any CPU
		Release|Any CPU = Release|Any CPU
	EndGlobalSection
	GlobalSection(ProjectConfigurationPlatforms) = postSolution
		{57A88616-4EE4-47E5-B7D6-A67C08794629}.Debug|Any CPU.ActiveCfg = Debug|Any CPU
		{57A88616-4EE4-47E5-B7D6-A67C08794629}.Debug|Any CPU.Build.0 = Debug|Any CPU
		{57A88616-4EE4-47E5-B7D6-A67C08794629}.Debug|Any CPU.Deploy.0 = Debug|Any CPU
		{57A88616-4EE4-47E5-B7D6-A67C08794629}.Release|Any CPU.ActiveCfg = Release|Any CPU
		{57A88616-4EE4-47E5-B7D6-A67C08794629}.Release|Any CPU.Build.0 = Release|Any CPU
		{57A88616-4EE4-47E5-B7D6-A67C08794629}.Release|Any CPU.Deploy.0 = Release|Any CPU
	EndGlobalSection
	GlobalSection(SolutionProperties) = preSolution
		HideSolutionNode = FALSE
	EndGlobalSection
	GlobalSection(ExtensibilityGlobals) = postSolution
		SolutionGuid = {5031BF54-8889-4DAD-9A33-62C34FFD96AC}
	EndGlobalSection
EndGlobal
