
Microsoft Visual Studio Solution File, Format Version 12.00
# Visual Studio Version 17
VisualStudioVersion = 17.11.35312.102
MinimumVisualStudioVersion = 10.0.40219.1
Project("{FAE04EC0-301F-11D3-BF4B-00C04F79EFBC}") = "Ejercicio5_Deposito", "Ejercicio5_Deposito.csproj", "{4D85D11E-13F3-4684-9CB3-04EEE4D7A0EB}"
EndProject
Global
	GlobalSection(SolutionConfigurationPlatforms) = preSolution
		Debug|Any CPU = Debug|Any CPU
		Release|Any CPU = Release|Any CPU
	EndGlobalSection
	GlobalSection(ProjectConfigurationPlatforms) = postSolution
		{4D85D11E-13F3-4684-9CB3-04EEE4D7A0EB}.Debug|Any CPU.ActiveCfg = Debug|Any CPU
		{4D85D11E-13F3-4684-9CB3-04EEE4D7A0EB}.Debug|Any CPU.Build.0 = Debug|Any CPU
		{4D85D11E-13F3-4684-9CB3-04EEE4D7A0EB}.Release|Any CPU.ActiveCfg = Release|Any CPU
		{4D85D11E-13F3-4684-9CB3-04EEE4D7A0EB}.Release|Any CPU.Build.0 = Release|Any CPU
	EndGlobalSection
	GlobalSection(SolutionProperties) = preSolution
		HideSolutionNode = FALSE
	EndGlobalSection
	GlobalSection(ExtensibilityGlobals) = postSolution
		SolutionGuid = {FA44CA87-76FD-4965-A668-8F9433B8FA8A}
	EndGlobalSection
EndGlobal
